<?xml version="1.0" encoding="utf-8"?>
<Project ToolsVersion="4.0" xmlns="http://schemas.microsoft.com/developer/msbuild/2003">
  <ItemGroup>
    <Filter Include="Source Files">
      <UniqueIdentifier>{4FC737F1-C7A5-4376-A066-2A32D752A2FF}</UniqueIdentifier>
      <Extensions>cpp;c;cc;cxx;c++;cppm;ixx;def;odl;idl;hpj;bat;asm;asmx</Extensions>
    </Filter>
    <Filter Include="Header Files">
      <UniqueIdentifier>{93995380-89BD-4b04-88EB-625FBE52EBFB}</UniqueIdentifier>
      <Extensions>h;hh;hpp;hxx;h++;hm;inl;inc;ipp;xsd</Extensions>
    </Filter>
    <Filter Include="Resource Files">
      <UniqueIdentifier>{67DA6AB6-F800-4c08-8B7A-83BB121AAD01}</UniqueIdentifier>
      <Extensions>rc;ico;cur;bmp;dlg;rc2;rct;bin;rgs;gif;jpg;jpeg;jpe;resx;tiff;tif;png;wav;mfcribbon-ms</Extensions>
    </Filter>
    <Filter Include="Source Files\Server">
      <UniqueIdentifier>{e903822f-fff4-4e23-9704-bd2add7c88aa}</UniqueIdentifier>
    </Filter>
    <Filter Include="Header Files\Server">
      <UniqueIdentifier>{ebcb17ac-91be-4204-b358-9883602035d8}</UniqueIdentifier>
    </Filter>
  </ItemGroup>
  <ItemGroup>
    <ClCompile Include="main.cpp">
      <Filter>Source Files</Filter>
    </ClCompile>
    <ClCompile Include="..\..\Server-Library\Source\MemoryBitStream.cpp">
      <Filter>Source Files\Server</Filter>
    </ClCompile>
    <ClCompile Include="..\..\Server-Library\Source\MemoryStream.cpp">
      <Filter>Source Files\Server</Filter>
    </ClCompile>
    <ClCompile Include="..\..\Server-Library\Source\SocketAddress.cpp">
      <Filter>Source Files\Server</Filter>
    </ClCompile>
    <ClCompile Include="..\..\Server-Library\Source\SocketAddressFactory.cpp">
      <Filter>Source Files\Server</Filter>
    </ClCompile>
    <ClCompile Include="..\..\Server-Library\Source\SocketUtil.cpp">
      <Filter>Source Files\Server</Filter>
    </ClCompile>
    <ClCompile Include="..\..\Server-Library\Source\StringUtils.cpp">
      <Filter>Source Files\Server</Filter>
    </ClCompile>
    <ClCompile Include="..\..\Server-Library\Source\TCPSocket.cpp">
      <Filter>Source Files\Server</Filter>
    </ClCompile>
    <ClCompile Include="..\..\Server-Library\Source\UDPSocket.cpp">
      <Filter>Source Files\Server</Filter>
    </ClCompile>
    <ClCompile Include="Room.cpp">
      <Filter>Source Files</Filter>
    </ClCompile>
    <ClCompile Include="ServerQueue.cpp">
      <Filter>Source Files</Filter>
    </ClCompile>
    <ClCompile Include="ServerQueueNode.cpp">
      <Filter>Source Files</Filter>
    </ClCompile>
    <ClCompile Include="ProcessPacket.cpp">
      <Filter>Source Files</Filter>
    </ClCompile>
    <ClCompile Include="GlobalVariable.cpp">
      <Filter>Source Files</Filter>
    </ClCompile>
    <ClCompile Include="BattleManager.cpp">
      <Filter>Source Files</Filter>
    </ClCompile>
    <ClCompile Include="Item.cpp">
      <Filter>Source Files</Filter>
    </ClCompile>
    <ClCompile Include="Client.cpp">
      <Filter>Source Files</Filter>
    </ClCompile>
  </ItemGroup>
  <ItemGroup>
    <ClInclude Include="..\..\Server-Library\Header\ByteSwap.h">
      <Filter>Header Files\Server</Filter>
    </ClInclude>
    <ClInclude Include="..\..\Server-Library\Header\LinkingContext.h">
      <Filter>Header Files\Server</Filter>
    </ClInclude>
    <ClInclude Include="..\..\Server-Library\Header\MemoryBitStream.h">
      <Filter>Header Files\Server</Filter>
    </ClInclude>
    <ClInclude Include="..\..\Server-Library\Header\MemoryStream.h">
      <Filter>Header Files\Server</Filter>
    </ClInclude>
    <ClInclude Include="..\..\Server-Library\Header\ServerShared.h">
      <Filter>Header Files\Server</Filter>
    </ClInclude>
    <ClInclude Include="..\..\Server-Library\Header\SocketAddress.h">
      <Filter>Header Files\Server</Filter>
    </ClInclude>
    <ClInclude Include="..\..\Server-Library\Header\SocketAddressFactory.h">
      <Filter>Header Files\Server</Filter>
    </ClInclude>
    <ClInclude Include="..\..\Server-Library\Header\SocketUtil.h">
      <Filter>Header Files\Server</Filter>
    </ClInclude>
    <ClInclude Include="..\..\Server-Library\Header\StringUtils.h">
      <Filter>Header Files\Server</Filter>
    </ClInclude>
    <ClInclude Include="..\..\Server-Library\Header\TCPSocket.h">
      <Filter>Header Files\Server</Filter>
    </ClInclude>
    <ClInclude Include="..\..\Server-Library\Header\UDPSocket.h">
      <Filter>Header Files\Server</Filter>
    </ClInclude>
    <ClInclude Include="..\..\Server-Library\Header\TCPNetworkUserInfo.h">
      <Filter>Header Files\Server</Filter>
    </ClInclude>
    <ClInclude Include="Room.h">
      <Filter>Header Files</Filter>
    </ClInclude>
    <ClInclude Include="SettingData.h">
      <Filter>Header Files</Filter>
    </ClInclude>
    <ClInclude Include="ServerStruct.h">
      <Filter>Header Files</Filter>
    </ClInclude>
    <ClInclude Include="ServerQueue.h">
      <Filter>Header Files</Filter>
    </ClInclude>
    <ClInclude Include="PacketStruct.h">
      <Filter>Header Files</Filter>
    </ClInclude>
    <ClInclude Include="ServerQueueNode.h">
      <Filter>Header Files</Filter>
    </ClInclude>
    <ClInclude Include="GlobalVariable.h">
      <Filter>Header Files</Filter>
    </ClInclude>
    <ClInclude Include="BattleManager.h">
      <Filter>Header Files</Filter>
    </ClInclude>
    <ClInclude Include="Item.h">
      <Filter>Header Files</Filter>
    </ClInclude>
    <ClInclude Include="Random.h">
      <Filter>Header Files</Filter>
    </ClInclude>
    <ClInclude Include="Client.h">
      <Filter>Header Files</Filter>
    </ClInclude>
  </ItemGroup>
</Project>